{
  "name": "template-provider",
  "version": "1.2.1",
  "lockfileVersion": 3,
  "requires": true,
  "packages": {
    "": {
      "name": "template-provider",
      "version": "1.2.1",
      "dependencies": {
        "discover-from-knowledge": "^1.2.1",
        "express-fix-any-js": "^1.28.7"
      },
      "bin": {
        "template-provider": "bin/cli.js"
      }
    },
    "node_modules/discover-from-knowledge": {
      "version": "1.2.1",
      "resolved": "https://registry.npmjs.org/discover-from-knowledge/-/discover-from-knowledge-1.2.1.tgz",
      "integrity": "sha512-sVdy1eFwglqx+BMk8+OotlotwQ/tR2mWdXUmpj/o7tSTyC7qAugv6TnXYYZ5pMgVsi/AjOj8YeBYfRxwVgbIEg==",
      "dependencies": {
        "pattern-collector-base-files": "^1.3.1"
      },
      "bin": {
        "discover-from-knowledge": "bin/cli.js"
      }
    },
    "node_modules/express-check-any-for-import": {
      "version": "1.4.7",
      "resolved": "https://registry.npmjs.org/express-check-any-for-import/-/express-check-any-for-import-1.4.7.tgz",
      "integrity": "sha512-o1nYK3C+JoCB4Jc9hakU+XrZ8NwgF2TWlGDm12wATM35glyYspYCI+IKWscmCw6YI61YVyncVGe845iWHcYWmA==",
      "bin": {
        "express-check-any-for-import": "bin/cli.js"
      }
    },
    "node_modules/express-fix-any-js": {
      "version": "1.28.7",
      "resolved": "https://registry.npmjs.org/express-fix-any-js/-/express-fix-any-js-1.28.7.tgz",
      "integrity": "sha512-iHfzHmOQXzpv8Hy6S8JQGo8H/jdPJXkLlYUiMf0+YJ2jHA1cwOd4Y5pDw+Vba7wJRkPUg3QKsMO3Z6gD71LqBA==",
      "dependencies": {
        "express-check-any-for-import": "^1.4.7",
        "pattern-collector-anyjs-story": "^1.24.9",
        "pattern-collector-base-files": "^1.3.1"
      },
      "bin": {
        "express-fix-any-js": "bin/cli.js"
      }
    },
    "node_modules/pattern-collector-anyjs-story": {
      "version": "1.24.9",
      "resolved": "https://registry.npmjs.org/pattern-collector-anyjs-story/-/pattern-collector-anyjs-story-1.24.9.tgz",
      "integrity": "sha512-Yq5tkBQChFe19QIVYyoqpWQBpSWvq3NKmSfwz8i1/n0v7/H1kqw0N/IRfZUSu/sv9tlOxk5Vv9VVZDQSELXKSQ==",
      "dependencies": {
        "pattern-collector-base-files": "^1.3.1",
        "pattern-collector-base-regex-n-parts": "^1.6.10"
      }
    },
    "node_modules/pattern-collector-base-files": {
      "version": "1.3.1",
      "resolved": "https://registry.npmjs.org/pattern-collector-base-files/-/pattern-collector-base-files-1.3.1.tgz",
      "integrity": "sha512-nPnxdgol2zymGzmMGIf+2JV67SexjPdVvFaQk5BpetmWxC+AGfXQHbts+c6ET38fH7W0U5171DVFjpWTTkHP9g=="
    },
    "node_modules/pattern-collector-base-regex-n-parts": {
      "version": "1.6.10",
      "resolved": "https://registry.npmjs.org/pattern-collector-base-regex-n-parts/-/pattern-collector-base-regex-n-parts-1.6.10.tgz",
      "integrity": "sha512-e+cNRfVWnpp41UqdCj4RMp0uqbf6v8dT+4Rf7QgOUDevyP1XwW36Bmz1HwP0WEuPwMGCQUdLBcy77Ja5glK2IQ=="
    }
  }
}
