{
  "name": "template-provider-with-discovery",
  "version": "1.6.5",
  "lockfileVersion": 3,
  "requires": true,
  "packages": {
    "": {
      "name": "template-provider-with-discovery",
      "version": "1.6.5",
      "dependencies": {
        "discover-from-knowledge": "^1.3.2",
        "express-fix-any-js": "^1.32.10",
        "pattern-collector-base-files": "^1.9.1"
      },
      "bin": {
        "template-provider-with-discovery": "bin/cli.js"
      },
      "devDependencies": {
        "ks-delete-workflow-runs": "^1.0.0"
      }
    },
    "node_modules/discover-from-knowledge": {
      "version": "1.3.2",
      "resolved": "https://registry.npmjs.org/discover-from-knowledge/-/discover-from-knowledge-1.3.2.tgz",
      "integrity": "sha512-AZw8kftRVLvZA9YUEKJLdHEfpEAvEi24k4P0NBn4lRE4iuYHpQZn1tqF2x5XZeTHjcDcXG/B6U/1sikFAeAUjg==",
      "dependencies": {
        "pattern-collector-base-files": "^1.10.1"
      },
      "bin": {
        "discover-from-knowledge": "bin/cli.js"
      }
    },
    "node_modules/express-fix-any-js": {
      "version": "1.32.10",
      "resolved": "https://registry.npmjs.org/express-fix-any-js/-/express-fix-any-js-1.32.10.tgz",
      "integrity": "sha512-KvL9eboA1IHWSyquYGrSvWzRd75R4MVjcNuVBQZYKAAoM9f2T33C+hRYDQMcmemJTszWYy0MNhvst2AZUj3ylg==",
      "dependencies": {
        "pattern-collector-anyjs-story": "^1.24.10",
        "pattern-collector-base-files": "^1.8.2"
      },
      "bin": {
        "express-fix-any-js": "bin/cli.js"
      }
    },
    "node_modules/ks-delete-workflow-runs": {
      "version": "1.0.0",
      "resolved": "https://registry.npmjs.org/ks-delete-workflow-runs/-/ks-delete-workflow-runs-1.0.0.tgz",
      "integrity": "sha512-IpuRQO486QGOcsGYYrBCqsT6MoX1sjluDUhiD21eqOAoOjXeHGzQw7RDj9LhRh4hofIdOHmlEXVMfc3OaS8fZw==",
      "dev": true,
      "license": "MIT",
      "bin": {
        "ks-delete-workflow-runs": "bin/cli.js"
      }
    },
    "node_modules/pattern-collector-anyjs-story": {
      "version": "1.24.10",
      "resolved": "https://registry.npmjs.org/pattern-collector-anyjs-story/-/pattern-collector-anyjs-story-1.24.10.tgz",
      "integrity": "sha512-KNpM4KQ7gezHgvrFDrp3Jbhr8Ttf1mayWWEfIyhJudNQ9i59HYElVvjWWaJkvhu7/7wNoopGE8TdvsMzFHeiUg==",
      "dependencies": {
        "pattern-collector-base-files": "^1.8.2",
        "pattern-collector-base-regex-n-parts": "^1.6.10"
      }
    },
    "node_modules/pattern-collector-base-files": {
      "version": "1.10.1",
      "resolved": "https://registry.npmjs.org/pattern-collector-base-files/-/pattern-collector-base-files-1.10.1.tgz",
      "integrity": "sha512-llP2Idno1CtLg8JwkeyBh1BttbTq4CEymqY53PbvHjOx1dRkpEyVw2lMbsWHNQBxS04hna844+xCf2UYVbPhOA=="
    },
    "node_modules/pattern-collector-base-regex-n-parts": {
      "version": "1.6.10",
      "resolved": "https://registry.npmjs.org/pattern-collector-base-regex-n-parts/-/pattern-collector-base-regex-n-parts-1.6.10.tgz",
      "integrity": "sha512-e+cNRfVWnpp41UqdCj4RMp0uqbf6v8dT+4Rf7QgOUDevyP1XwW36Bmz1HwP0WEuPwMGCQUdLBcy77Ja5glK2IQ=="
    }
  }
}
